// !$*UTF8*$!
{
	archiveVersion = 1;
	classes = {
	};
	objectVersion = 56;
	objects = {

/* Begin PBXBuildFile section */
		4A0384D82C2A8856002FA7DE /* AppDelegate.swift in Sources */ = {isa = PBXBuildFile; fileRef = 4A0384D72C2A8856002FA7DE /* AppDelegate.swift */; };
		4A0384DA2C2A8856002FA7DE /* SceneDelegate.swift in Sources */ = {isa = PBXBuildFile; fileRef = 4A0384D92C2A8856002FA7DE /* SceneDelegate.swift */; };
		4A0384DF2C2A8856002FA7DE /* Base in Resources */ = {isa = PBXBuildFile; fileRef = 4A0384DE2C2A8856002FA7DE /* Base */; };
		4A0384E12C2A8857002FA7DE /* Assets.xcassets in Resources */ = {isa = PBXBuildFile; fileRef = 4A0384E02C2A8857002FA7DE /* Assets.xcassets */; };
		4A0384E42C2A8857002FA7DE /* Base in Resources */ = {isa = PBXBuildFile; fileRef = 4A0384E32C2A8857002FA7DE /* Base */; };
		4A0384EC2C2AB993002FA7DE /* HomeVC.swift in Sources */ = {isa = PBXBuildFile; fileRef = 4A0384EB2C2AB993002FA7DE /* HomeVC.swift */; };
		4A0C09C52C328804003B2469 /* SearchVC.swift in Sources */ = {isa = PBXBuildFile; fileRef = 4A0C09C42C328804003B2469 /* SearchVC.swift */; };
		4A0C09CA2C3288C5003B2469 /* WatchlistVC.swift in Sources */ = {isa = PBXBuildFile; fileRef = 4A0C09C92C3288C5003B2469 /* WatchlistVC.swift */; };
		4A0C09CF2C3289EA003B2469 /* SettingsVC.swift in Sources */ = {isa = PBXBuildFile; fileRef = 4A0C09CE2C3289EA003B2469 /* SettingsVC.swift */; };
		4A0C09D12C329E9C003B2469 /* SearchViewModel.swift in Sources */ = {isa = PBXBuildFile; fileRef = 4A0C09D02C329E9C003B2469 /* SearchViewModel.swift */; };
		4A0C09D32C32A031003B2469 /* Debouncer.swift in Sources */ = {isa = PBXBuildFile; fileRef = 4A0C09D22C32A031003B2469 /* Debouncer.swift */; };
		4A0C09D62C32CB38003B2469 /* SearchCell.xib in Resources */ = {isa = PBXBuildFile; fileRef = 4A0C09D52C32CB38003B2469 /* SearchCell.xib */; };
		4A0C09D72C32CB38003B2469 /* SearchCell.swift in Sources */ = {isa = PBXBuildFile; fileRef = 4A0C09D42C32CB38003B2469 /* SearchCell.swift */; };
		4A4C4E282C2C2B0E00F3299C /* Movie.swift in Sources */ = {isa = PBXBuildFile; fileRef = 4A4C4E272C2C2B0E00F3299C /* Movie.swift */; };
		4A54AFF22C2EEA0000FCD6A7 /* MovieDetailsViewModel.swift in Sources */ = {isa = PBXBuildFile; fileRef = 4A54AFF12C2EEA0000FCD6A7 /* MovieDetailsViewModel.swift */; };
		4A58D2052C2D9D3F000D9057 /* MovieListItemModel.swift in Sources */ = {isa = PBXBuildFile; fileRef = 4A58D2042C2D9D3F000D9057 /* MovieListItemModel.swift */; };
		4A58D20B2C2D9E6E000D9057 /* BaseResponse.swift in Sources */ = {isa = PBXBuildFile; fileRef = 4A58D20A2C2D9E6E000D9057 /* BaseResponse.swift */; };
		4A58D20D2C2D9F00000D9057 /* MovieListResponse.swift in Sources */ = {isa = PBXBuildFile; fileRef = 4A58D20C2C2D9F00000D9057 /* MovieListResponse.swift */; };
		4A58D2102C2D9F7D000D9057 /* MovieRepository.swift in Sources */ = {isa = PBXBuildFile; fileRef = 4A58D20F2C2D9F7D000D9057 /* MovieRepository.swift */; };
		4A58D2142C2DA26F000D9057 /* ApiClient.swift in Sources */ = {isa = PBXBuildFile; fileRef = 4A58D2132C2DA26F000D9057 /* ApiClient.swift */; };
		4A58D2162C2DA2EE000D9057 /* ApiClientImpl.swift in Sources */ = {isa = PBXBuildFile; fileRef = 4A58D2152C2DA2EE000D9057 /* ApiClientImpl.swift */; };
		4A58D2182C2DA58A000D9057 /* ApiClientError.swift in Sources */ = {isa = PBXBuildFile; fileRef = 4A58D2172C2DA58A000D9057 /* ApiClientError.swift */; };
		4A8AC37C2C2E850A00EE7996 /* ApiService.swift in Sources */ = {isa = PBXBuildFile; fileRef = 4A8AC37B2C2E850A00EE7996 /* ApiService.swift */; };
		4A8AC37F2C2E85A200EE7996 /* ApiServiceImpl.swift in Sources */ = {isa = PBXBuildFile; fileRef = 4A8AC37E2C2E85A200EE7996 /* ApiServiceImpl.swift */; };
		4A8AC3822C2E878E00EE7996 /* MovieRepositoryImpl.swift in Sources */ = {isa = PBXBuildFile; fileRef = 4A8AC3812C2E878E00EE7996 /* MovieRepositoryImpl.swift */; };
		4A8AC3862C2E8A3000EE7996 /* MovieListViewModel.swift in Sources */ = {isa = PBXBuildFile; fileRef = 4A8AC3852C2E8A3000EE7996 /* MovieListViewModel.swift */; };
		4A8AC3892C2E976E00EE7996 /* Kingfisher in Frameworks */ = {isa = PBXBuildFile; productRef = 4A8AC3882C2E976E00EE7996 /* Kingfisher */; };
		4A8AC38D2C2E97B900EE7996 /* UIImageView + Extention.swift in Sources */ = {isa = PBXBuildFile; fileRef = 4A8AC38C2C2E97B900EE7996 /* UIImageView + Extention.swift */; };
		4A8AC38F2C2EC97900EE7996 /* MovieDetailsModel.swift in Sources */ = {isa = PBXBuildFile; fileRef = 4A8AC38E2C2EC97900EE7996 /* MovieDetailsModel.swift */; };
		4A8AC3912C2EC9D200EE7996 /* MovieGenre.swift in Sources */ = {isa = PBXBuildFile; fileRef = 4A8AC3902C2EC9D200EE7996 /* MovieGenre.swift */; };
		4A8AC3932C2ECA2700EE7996 /* MovieDetailsResponse.swift in Sources */ = {isa = PBXBuildFile; fileRef = 4A8AC3922C2ECA2700EE7996 /* MovieDetailsResponse.swift */; };
		4A8AC39A2C2ECB2E00EE7996 /* MovieDetailsVC.swift in Sources */ = {isa = PBXBuildFile; fileRef = 4A8AC3992C2ECB2E00EE7996 /* MovieDetailsVC.swift */; };
		4AB430E62C2C49B000BF018B /* MovieViewCell.swift in Sources */ = {isa = PBXBuildFile; fileRef = 4AB430E42C2C49B000BF018B /* MovieViewCell.swift */; };
		4AB430E72C2C49B000BF018B /* MovieViewCell.xib in Resources */ = {isa = PBXBuildFile; fileRef = 4AB430E52C2C49B000BF018B /* MovieViewCell.xib */; };
/* End PBXBuildFile section */

/* Begin PBXFileReference section */
		4A0384D42C2A8856002FA7DE /* UIkitMovieCenter.app */ = {isa = PBXFileReference; explicitFileType = wrapper.application; includeInIndex = 0; path = UIkitMovieCenter.app; sourceTree = BUILT_PRODUCTS_DIR; };
		4A0384D72C2A8856002FA7DE /* AppDelegate.swift */ = {isa = PBXFileReference; lastKnownFileType = sourcecode.swift; path = AppDelegate.swift; sourceTree = "<group>"; };
		4A0384D92C2A8856002FA7DE /* SceneDelegate.swift */ = {isa = PBXFileReference; lastKnownFileType = sourcecode.swift; path = SceneDelegate.swift; sourceTree = "<group>"; };
		4A0384DE2C2A8856002FA7DE /* Base */ = {isa = PBXFileReference; lastKnownFileType = file.storyboard; name = Base; path = Base.lproj/Main.storyboard; sourceTree = "<group>"; };
		4A0384E02C2A8857002FA7DE /* Assets.xcassets */ = {isa = PBXFileReference; lastKnownFileType = folder.assetcatalog; path = Assets.xcassets; sourceTree = "<group>"; };
		4A0384E32C2A8857002FA7DE /* Base */ = {isa = PBXFileReference; lastKnownFileType = file.storyboard; name = Base; path = Base.lproj/LaunchScreen.storyboard; sourceTree = "<group>"; };
		4A0384E52C2A8857002FA7DE /* Info.plist */ = {isa = PBXFileReference; lastKnownFileType = text.plist.xml; path = Info.plist; sourceTree = "<group>"; };
		4A0384EB2C2AB993002FA7DE /* HomeVC.swift */ = {isa = PBXFileReference; lastKnownFileType = sourcecode.swift; path = HomeVC.swift; sourceTree = "<group>"; };
		4A0C09C42C328804003B2469 /* SearchVC.swift */ = {isa = PBXFileReference; lastKnownFileType = sourcecode.swift; path = SearchVC.swift; sourceTree = "<group>"; };
		4A0C09C92C3288C5003B2469 /* WatchlistVC.swift */ = {isa = PBXFileReference; lastKnownFileType = sourcecode.swift; path = WatchlistVC.swift; sourceTree = "<group>"; };
		4A0C09CE2C3289EA003B2469 /* SettingsVC.swift */ = {isa = PBXFileReference; lastKnownFileType = sourcecode.swift; path = SettingsVC.swift; sourceTree = "<group>"; };
		4A0C09D02C329E9C003B2469 /* SearchViewModel.swift */ = {isa = PBXFileReference; lastKnownFileType = sourcecode.swift; path = SearchViewModel.swift; sourceTree = "<group>"; };
		4A0C09D22C32A031003B2469 /* Debouncer.swift */ = {isa = PBXFileReference; lastKnownFileType = sourcecode.swift; path = Debouncer.swift; sourceTree = "<group>"; };
		4A0C09D42C32CB38003B2469 /* SearchCell.swift */ = {isa = PBXFileReference; lastKnownFileType = sourcecode.swift; path = SearchCell.swift; sourceTree = "<group>"; };
		4A0C09D52C32CB38003B2469 /* SearchCell.xib */ = {isa = PBXFileReference; lastKnownFileType = file.xib; path = SearchCell.xib; sourceTree = "<group>"; };
		4A4C4E272C2C2B0E00F3299C /* Movie.swift */ = {isa = PBXFileReference; lastKnownFileType = sourcecode.swift; path = Movie.swift; sourceTree = "<group>"; };
		4A54AFF12C2EEA0000FCD6A7 /* MovieDetailsViewModel.swift */ = {isa = PBXFileReference; lastKnownFileType = sourcecode.swift; path = MovieDetailsViewModel.swift; sourceTree = "<group>"; };
		4A58D2042C2D9D3F000D9057 /* MovieListItemModel.swift */ = {isa = PBXFileReference; lastKnownFileType = sourcecode.swift; path = MovieListItemModel.swift; sourceTree = "<group>"; };
		4A58D20A2C2D9E6E000D9057 /* BaseResponse.swift */ = {isa = PBXFileReference; lastKnownFileType = sourcecode.swift; path = BaseResponse.swift; sourceTree = "<group>"; };
		4A58D20C2C2D9F00000D9057 /* MovieListResponse.swift */ = {isa = PBXFileReference; lastKnownFileType = sourcecode.swift; path = MovieListResponse.swift; sourceTree = "<group>"; };
		4A58D20F2C2D9F7D000D9057 /* MovieRepository.swift */ = {isa = PBXFileReference; lastKnownFileType = sourcecode.swift; path = MovieRepository.swift; sourceTree = "<group>"; };
		4A58D2132C2DA26F000D9057 /* ApiClient.swift */ = {isa = PBXFileReference; lastKnownFileType = sourcecode.swift; path = ApiClient.swift; sourceTree = "<group>"; };
		4A58D2152C2DA2EE000D9057 /* ApiClientImpl.swift */ = {isa = PBXFileReference; lastKnownFileType = sourcecode.swift; path = ApiClientImpl.swift; sourceTree = "<group>"; };
		4A58D2172C2DA58A000D9057 /* ApiClientError.swift */ = {isa = PBXFileReference; lastKnownFileType = sourcecode.swift; path = ApiClientError.swift; sourceTree = "<group>"; };
		4A8AC37B2C2E850A00EE7996 /* ApiService.swift */ = {isa = PBXFileReference; lastKnownFileType = sourcecode.swift; path = ApiService.swift; sourceTree = "<group>"; };
		4A8AC37E2C2E85A200EE7996 /* ApiServiceImpl.swift */ = {isa = PBXFileReference; lastKnownFileType = sourcecode.swift; path = ApiServiceImpl.swift; sourceTree = "<group>"; };
		4A8AC3812C2E878E00EE7996 /* MovieRepositoryImpl.swift */ = {isa = PBXFileReference; lastKnownFileType = sourcecode.swift; path = MovieRepositoryImpl.swift; sourceTree = "<group>"; };
		4A8AC3852C2E8A3000EE7996 /* MovieListViewModel.swift */ = {isa = PBXFileReference; lastKnownFileType = sourcecode.swift; path = MovieListViewModel.swift; sourceTree = "<group>"; };
		4A8AC38C2C2E97B900EE7996 /* UIImageView + Extention.swift */ = {isa = PBXFileReference; lastKnownFileType = sourcecode.swift; path = "UIImageView + Extention.swift"; sourceTree = "<group>"; };
		4A8AC38E2C2EC97900EE7996 /* MovieDetailsModel.swift */ = {isa = PBXFileReference; lastKnownFileType = sourcecode.swift; path = MovieDetailsModel.swift; sourceTree = "<group>"; };
		4A8AC3902C2EC9D200EE7996 /* MovieGenre.swift */ = {isa = PBXFileReference; lastKnownFileType = sourcecode.swift; path = MovieGenre.swift; sourceTree = "<group>"; };
		4A8AC3922C2ECA2700EE7996 /* MovieDetailsResponse.swift */ = {isa = PBXFileReference; lastKnownFileType = sourcecode.swift; path = MovieDetailsResponse.swift; sourceTree = "<group>"; };
		4A8AC3992C2ECB2E00EE7996 /* MovieDetailsVC.swift */ = {isa = PBXFileReference; lastKnownFileType = sourcecode.swift; path = MovieDetailsVC.swift; sourceTree = "<group>"; };
		4AB430E42C2C49B000BF018B /* MovieViewCell.swift */ = {isa = PBXFileReference; lastKnownFileType = sourcecode.swift; path = MovieViewCell.swift; sourceTree = "<group>"; };
		4AB430E52C2C49B000BF018B /* MovieViewCell.xib */ = {isa = PBXFileReference; lastKnownFileType = file.xib; path = MovieViewCell.xib; sourceTree = "<group>"; };
/* End PBXFileReference section */

/* Begin PBXFrameworksBuildPhase section */
		4A0384D12C2A8856002FA7DE /* Frameworks */ = {
			isa = PBXFrameworksBuildPhase;
			buildActionMask = 2147483647;
			files = (
				4A8AC3892C2E976E00EE7996 /* Kingfisher in Frameworks */,
			);
			runOnlyForDeploymentPostprocessing = 0;
		};
/* End PBXFrameworksBuildPhase section */

/* Begin PBXGroup section */
		4A0384CB2C2A8856002FA7DE = {
			isa = PBXGroup;
			children = (
				4A0384D62C2A8856002FA7DE /* UIkitMovieCenter */,
				4A0384D52C2A8856002FA7DE /* Products */,
			);
			sourceTree = "<group>";
		};
		4A0384D52C2A8856002FA7DE /* Products */ = {
			isa = PBXGroup;
			children = (
				4A0384D42C2A8856002FA7DE /* UIkitMovieCenter.app */,
			);
			name = Products;
			sourceTree = "<group>";
		};
		4A0384D62C2A8856002FA7DE /* UIkitMovieCenter */ = {
			isa = PBXGroup;
			children = (
				4A8AC38A2C2E979700EE7996 /* Util */,
				4A8AC3832C2E899900EE7996 /* Presentation */,
				4A58D2062C2D9DE3000D9057 /* Data */,
				4A58D2022C2D9CD0000D9057 /* Domain */,
				4A4C4E262C2C2AFA00F3299C /* Model */,
				4A0384D72C2A8856002FA7DE /* AppDelegate.swift */,
				4A0384D92C2A8856002FA7DE /* SceneDelegate.swift */,
				4A0384DD2C2A8856002FA7DE /* Main.storyboard */,
				4A0384E02C2A8857002FA7DE /* Assets.xcassets */,
				4A0384E22C2A8857002FA7DE /* LaunchScreen.storyboard */,
				4A0384E52C2A8857002FA7DE /* Info.plist */,
				4AB430E42C2C49B000BF018B /* MovieViewCell.swift */,
				4AB430E52C2C49B000BF018B /* MovieViewCell.xib */,
			);
			path = UIkitMovieCenter;
			sourceTree = "<group>";
		};
		4A0C09C12C3287D0003B2469 /* Search */ = {
			isa = PBXGroup;
			children = (
				4A0C09C32C3287E8003B2469 /* ViewModel */,
				4A0C09C22C3287E1003B2469 /* View */,
			);
			path = Search;
			sourceTree = "<group>";
		};
		4A0C09C22C3287E1003B2469 /* View */ = {
			isa = PBXGroup;
			children = (
				4A0C09C42C328804003B2469 /* SearchVC.swift */,
				4A0C09D42C32CB38003B2469 /* SearchCell.swift */,
				4A0C09D52C32CB38003B2469 /* SearchCell.xib */,
			);
			path = View;
			sourceTree = "<group>";
		};
		4A0C09C32C3287E8003B2469 /* ViewModel */ = {
			isa = PBXGroup;
			children = (
				4A0C09D02C329E9C003B2469 /* SearchViewModel.swift */,
			);
			path = ViewModel;
			sourceTree = "<group>";
		};
		4A0C09C62C32889C003B2469 /* Watchlist */ = {
			isa = PBXGroup;
			children = (
				4A0C09C82C3288AB003B2469 /* ViewModel */,
				4A0C09C72C3288A5003B2469 /* View */,
			);
			path = Watchlist;
			sourceTree = "<group>";
		};
		4A0C09C72C3288A5003B2469 /* View */ = {
			isa = PBXGroup;
			children = (
				4A0C09C92C3288C5003B2469 /* WatchlistVC.swift */,
			);
			path = View;
			sourceTree = "<group>";
		};
		4A0C09C82C3288AB003B2469 /* ViewModel */ = {
			isa = PBXGroup;
			children = (
			);
			path = ViewModel;
			sourceTree = "<group>";
		};
		4A0C09CB2C3289A9003B2469 /* Settings */ = {
			isa = PBXGroup;
			children = (
				4A0C09CD2C3289BA003B2469 /* View */,
				4A0C09CC2C3289B3003B2469 /* ViewModel */,
			);
			path = Settings;
			sourceTree = "<group>";
		};
		4A0C09CC2C3289B3003B2469 /* ViewModel */ = {
			isa = PBXGroup;
			children = (
			);
			path = ViewModel;
			sourceTree = "<group>";
		};
		4A0C09CD2C3289BA003B2469 /* View */ = {
			isa = PBXGroup;
			children = (
				4A0C09CE2C3289EA003B2469 /* SettingsVC.swift */,
			);
			path = View;
			sourceTree = "<group>";
		};
		4A4C4E262C2C2AFA00F3299C /* Model */ = {
			isa = PBXGroup;
			children = (
				4A4C4E272C2C2B0E00F3299C /* Movie.swift */,
			);
			path = Model;
			sourceTree = "<group>";
		};
		4A58D2022C2D9CD0000D9057 /* Domain */ = {
			isa = PBXGroup;
			children = (
				4A58D20E2C2D9F5A000D9057 /* Repository */,
				4A58D2032C2D9D20000D9057 /* Model */,
			);
			path = Domain;
			sourceTree = "<group>";
		};
		4A58D2032C2D9D20000D9057 /* Model */ = {
			isa = PBXGroup;
			children = (
				4A58D2042C2D9D3F000D9057 /* MovieListItemModel.swift */,
				4A8AC38E2C2EC97900EE7996 /* MovieDetailsModel.swift */,
				4A8AC3902C2EC9D200EE7996 /* MovieGenre.swift */,
			);
			path = Model;
			sourceTree = "<group>";
		};
		4A58D2062C2D9DE3000D9057 /* Data */ = {
			isa = PBXGroup;
			children = (
				4A8AC3802C2E876B00EE7996 /* Repository */,
				4A58D2112C2DA241000D9057 /* Remote */,
				4A58D2082C2D9E00000D9057 /* Model */,
			);
			path = Data;
			sourceTree = "<group>";
		};
		4A58D2082C2D9E00000D9057 /* Model */ = {
			isa = PBXGroup;
			children = (
				4A58D2092C2D9E07000D9057 /* Response */,
			);
			path = Model;
			sourceTree = "<group>";
		};
		4A58D2092C2D9E07000D9057 /* Response */ = {
			isa = PBXGroup;
			children = (
				4A58D20A2C2D9E6E000D9057 /* BaseResponse.swift */,
				4A58D20C2C2D9F00000D9057 /* MovieListResponse.swift */,
				4A8AC3922C2ECA2700EE7996 /* MovieDetailsResponse.swift */,
			);
			path = Response;
			sourceTree = "<group>";
		};
		4A58D20E2C2D9F5A000D9057 /* Repository */ = {
			isa = PBXGroup;
			children = (
				4A58D20F2C2D9F7D000D9057 /* MovieRepository.swift */,
			);
			path = Repository;
			sourceTree = "<group>";
		};
		4A58D2112C2DA241000D9057 /* Remote */ = {
			isa = PBXGroup;
			children = (
				4A58D2122C2DA259000D9057 /* Client */,
				4A8AC37D2C2E857600EE7996 /* Service */,
			);
			path = Remote;
			sourceTree = "<group>";
		};
		4A58D2122C2DA259000D9057 /* Client */ = {
			isa = PBXGroup;
			children = (
				4A58D2132C2DA26F000D9057 /* ApiClient.swift */,
				4A58D2152C2DA2EE000D9057 /* ApiClientImpl.swift */,
				4A58D2172C2DA58A000D9057 /* ApiClientError.swift */,
			);
			path = Client;
			sourceTree = "<group>";
		};
		4A8AC37D2C2E857600EE7996 /* Service */ = {
			isa = PBXGroup;
			children = (
				4A8AC37B2C2E850A00EE7996 /* ApiService.swift */,
				4A8AC37E2C2E85A200EE7996 /* ApiServiceImpl.swift */,
			);
			path = Service;
			sourceTree = "<group>";
		};
		4A8AC3802C2E876B00EE7996 /* Repository */ = {
			isa = PBXGroup;
			children = (
				4A8AC3812C2E878E00EE7996 /* MovieRepositoryImpl.swift */,
			);
			path = Repository;
			sourceTree = "<group>";
		};
		4A8AC3832C2E899900EE7996 /* Presentation */ = {
			isa = PBXGroup;
			children = (
				4A0C09CB2C3289A9003B2469 /* Settings */,
				4A0C09C62C32889C003B2469 /* Watchlist */,
				4A0C09C12C3287D0003B2469 /* Search */,
				4A8AC3962C2ECAEC00EE7996 /* MovieDetails */,
				4A8AC3842C2E89AD00EE7996 /* Home */,
			);
			path = Presentation;
			sourceTree = "<group>";
		};
		4A8AC3842C2E89AD00EE7996 /* Home */ = {
			isa = PBXGroup;
			children = (
				4A8AC3952C2ECACC00EE7996 /* View */,
				4A8AC3942C2ECABC00EE7996 /* ViewModel */,
			);
			path = Home;
			sourceTree = "<group>";
		};
		4A8AC38A2C2E979700EE7996 /* Util */ = {
			isa = PBXGroup;
			children = (
				4A8AC38B2C2E979E00EE7996 /* Extentions */,
				4A0C09D22C32A031003B2469 /* Debouncer.swift */,
			);
			path = Util;
			sourceTree = "<group>";
		};
		4A8AC38B2C2E979E00EE7996 /* Extentions */ = {
			isa = PBXGroup;
			children = (
				4A8AC38C2C2E97B900EE7996 /* UIImageView + Extention.swift */,
			);
			path = Extentions;
			sourceTree = "<group>";
		};
		4A8AC3942C2ECABC00EE7996 /* ViewModel */ = {
			isa = PBXGroup;
			children = (
				4A8AC3852C2E8A3000EE7996 /* MovieListViewModel.swift */,
			);
			path = ViewModel;
			sourceTree = "<group>";
		};
		4A8AC3952C2ECACC00EE7996 /* View */ = {
			isa = PBXGroup;
			children = (
				4A0384EB2C2AB993002FA7DE /* HomeVC.swift */,
			);
			path = View;
			sourceTree = "<group>";
		};
		4A8AC3962C2ECAEC00EE7996 /* MovieDetails */ = {
			isa = PBXGroup;
			children = (
				4A8AC3982C2ECB0000EE7996 /* ViewModel */,
				4A8AC3972C2ECAFA00EE7996 /* View */,
			);
			path = MovieDetails;
			sourceTree = "<group>";
		};
		4A8AC3972C2ECAFA00EE7996 /* View */ = {
			isa = PBXGroup;
			children = (
				4A8AC3992C2ECB2E00EE7996 /* MovieDetailsVC.swift */,
			);
			path = View;
			sourceTree = "<group>";
		};
		4A8AC3982C2ECB0000EE7996 /* ViewModel */ = {
			isa = PBXGroup;
			children = (
				4A54AFF12C2EEA0000FCD6A7 /* MovieDetailsViewModel.swift */,
			);
			path = ViewModel;
			sourceTree = "<group>";
		};
/* End PBXGroup section */

/* Begin PBXNativeTarget section */
		4A0384D32C2A8856002FA7DE /* UIkitMovieCenter */ = {
			isa = PBXNativeTarget;
			buildConfigurationList = 4A0384E82C2A8857002FA7DE /* Build configuration list for PBXNativeTarget "UIkitMovieCenter" */;
			buildPhases = (
				4A0384D02C2A8856002FA7DE /* Sources */,
				4A0384D12C2A8856002FA7DE /* Frameworks */,
				4A0384D22C2A8856002FA7DE /* Resources */,
			);
			buildRules = (
			);
			dependencies = (
			);
			name = UIkitMovieCenter;
			packageProductDependencies = (
				4A8AC3882C2E976E00EE7996 /* Kingfisher */,
			);
			productName = UIkitMovieCenter;
			productReference = 4A0384D42C2A8856002FA7DE /* UIkitMovieCenter.app */;
			productType = "com.apple.product-type.application";
		};
/* End PBXNativeTarget section */

/* Begin PBXProject section */
		4A0384CC2C2A8856002FA7DE /* Project object */ = {
			isa = PBXProject;
			attributes = {
				BuildIndependentTargetsInParallel = 1;
				LastSwiftUpdateCheck = 1540;
				LastUpgradeCheck = 1540;
				TargetAttributes = {
					4A0384D32C2A8856002FA7DE = {
						CreatedOnToolsVersion = 15.4;
					};
				};
			};
			buildConfigurationList = 4A0384CF2C2A8856002FA7DE /* Build configuration list for PBXProject "UIkitMovieCenter" */;
			compatibilityVersion = "Xcode 14.0";
			developmentRegion = en;
			hasScannedForEncodings = 0;
			knownRegions = (
				en,
				Base,
			);
			mainGroup = 4A0384CB2C2A8856002FA7DE;
			packageReferences = (
				4A8AC3872C2E976E00EE7996 /* XCRemoteSwiftPackageReference "Kingfisher" */,
			);
			productRefGroup = 4A0384D52C2A8856002FA7DE /* Products */;
			projectDirPath = "";
			projectRoot = "";
			targets = (
				4A0384D32C2A8856002FA7DE /* UIkitMovieCenter */,
			);
		};
/* End PBXProject section */

/* Begin PBXResourcesBuildPhase section */
		4A0384D22C2A8856002FA7DE /* Resources */ = {
			isa = PBXResourcesBuildPhase;
			buildActionMask = 2147483647;
			files = (
				4A0C09D62C32CB38003B2469 /* SearchCell.xib in Resources */,
				4A0384E12C2A8857002FA7DE /* Assets.xcassets in Resources */,
				4AB430E72C2C49B000BF018B /* MovieViewCell.xib in Resources */,
				4A0384E42C2A8857002FA7DE /* Base in Resources */,
				4A0384DF2C2A8856002FA7DE /* Base in Resources */,
			);
			runOnlyForDeploymentPostprocessing = 0;
		};
/* End PBXResourcesBuildPhase section */

/* Begin PBXSourcesBuildPhase section */
		4A0384D02C2A8856002FA7DE /* Sources */ = {
			isa = PBXSourcesBuildPhase;
			buildActionMask = 2147483647;
			files = (
				4A0C09CA2C3288C5003B2469 /* WatchlistVC.swift in Sources */,
				4A58D2142C2DA26F000D9057 /* ApiClient.swift in Sources */,
				4A0C09D32C32A031003B2469 /* Debouncer.swift in Sources */,
				4A8AC3862C2E8A3000EE7996 /* MovieListViewModel.swift in Sources */,
				4A8AC38D2C2E97B900EE7996 /* UIImageView + Extention.swift in Sources */,
				4A58D2052C2D9D3F000D9057 /* MovieListItemModel.swift in Sources */,
				4A0384EC2C2AB993002FA7DE /* HomeVC.swift in Sources */,
				4A4C4E282C2C2B0E00F3299C /* Movie.swift in Sources */,
				4A58D20D2C2D9F00000D9057 /* MovieListResponse.swift in Sources */,
				4A8AC3822C2E878E00EE7996 /* MovieRepositoryImpl.swift in Sources */,
				4A0C09CF2C3289EA003B2469 /* SettingsVC.swift in Sources */,
				4A0384D82C2A8856002FA7DE /* AppDelegate.swift in Sources */,
				4A0384DA2C2A8856002FA7DE /* SceneDelegate.swift in Sources */,
				4AB430E62C2C49B000BF018B /* MovieViewCell.swift in Sources */,
				4A8AC39A2C2ECB2E00EE7996 /* MovieDetailsVC.swift in Sources */,
				4A8AC3912C2EC9D200EE7996 /* MovieGenre.swift in Sources */,
				4A58D2162C2DA2EE000D9057 /* ApiClientImpl.swift in Sources */,
				4A0C09D72C32CB38003B2469 /* SearchCell.swift in Sources */,
				4A58D2102C2D9F7D000D9057 /* MovieRepository.swift in Sources */,
				4A0C09C52C328804003B2469 /* SearchVC.swift in Sources */,
				4A0C09D12C329E9C003B2469 /* SearchViewModel.swift in Sources */,
				4A8AC3932C2ECA2700EE7996 /* MovieDetailsResponse.swift in Sources */,
				4A54AFF22C2EEA0000FCD6A7 /* MovieDetailsViewModel.swift in Sources */,
				4A8AC37F2C2E85A200EE7996 /* ApiServiceImpl.swift in Sources */,
				4A58D2182C2DA58A000D9057 /* ApiClientError.swift in Sources */,
				4A8AC37C2C2E850A00EE7996 /* ApiService.swift in Sources */,
				4A8AC38F2C2EC97900EE7996 /* MovieDetailsModel.swift in Sources */,
				4A58D20B2C2D9E6E000D9057 /* BaseResponse.swift in Sources */,
			);
			runOnlyForDeploymentPostprocessing = 0;
		};
/* End PBXSourcesBuildPhase section */

/* Begin PBXVariantGroup section */
		4A0384DD2C2A8856002FA7DE /* Main.storyboard */ = {
			isa = PBXVariantGroup;
			children = (
				4A0384DE2C2A8856002FA7DE /* Base */,
			);
			name = Main.storyboard;
			sourceTree = "<group>";
		};
		4A0384E22C2A8857002FA7DE /* LaunchScreen.storyboard */ = {
			isa = PBXVariantGroup;
			children = (
				4A0384E32C2A8857002FA7DE /* Base */,
			);
			name = LaunchScreen.storyboard;
			sourceTree = "<group>";
		};
/* End PBXVariantGroup section */

/* Begin XCBuildConfiguration section */
		4A0384E62C2A8857002FA7DE /* Debug */ = {
			isa = XCBuildConfiguration;
			buildSettings = {
				ALWAYS_SEARCH_USER_PATHS = NO;
				ASSETCATALOG_COMPILER_GENERATE_SWIFT_ASSET_SYMBOL_EXTENSIONS = YES;
				CLANG_ANALYZER_NONNULL = YES;
				CLANG_ANALYZER_NUMBER_OBJECT_CONVERSION = YES_AGGRESSIVE;
				CLANG_CXX_LANGUAGE_STANDARD = "gnu++20";
				CLANG_ENABLE_MODULES = YES;
				CLANG_ENABLE_OBJC_ARC = YES;
				CLANG_ENABLE_OBJC_WEAK = YES;
				CLANG_WARN_BLOCK_CAPTURE_AUTORELEASING = YES;
				CLANG_WARN_BOOL_CONVERSION = YES;
				CLANG_WARN_COMMA = YES;
				CLANG_WARN_CONSTANT_CONVERSION = YES;
				CLANG_WARN_DEPRECATED_OBJC_IMPLEMENTATIONS = YES;
				CLANG_WARN_DIRECT_OBJC_ISA_USAGE = YES_ERROR;
				CLANG_WARN_DOCUMENTATION_COMMENTS = YES;
				CLANG_WARN_EMPTY_BODY = YES;
				CLANG_WARN_ENUM_CONVERSION = YES;
				CLANG_WARN_INFINITE_RECURSION = YES;
				CLANG_WARN_INT_CONVERSION = YES;
				CLANG_WARN_NON_LITERAL_NULL_CONVERSION = YES;
				CLANG_WARN_OBJC_IMPLICIT_RETAIN_SELF = YES;
				CLANG_WARN_OBJC_LITERAL_CONVERSION = YES;
				CLANG_WARN_OBJC_ROOT_CLASS = YES_ERROR;
				CLANG_WARN_QUOTED_INCLUDE_IN_FRAMEWORK_HEADER = YES;
				CLANG_WARN_RANGE_LOOP_ANALYSIS = YES;
				CLANG_WARN_STRICT_PROTOTYPES = YES;
				CLANG_WARN_SUSPICIOUS_MOVE = YES;
				CLANG_WARN_UNGUARDED_AVAILABILITY = YES_AGGRESSIVE;
				CLANG_WARN_UNREACHABLE_CODE = YES;
				CLANG_WARN__DUPLICATE_METHOD_MATCH = YES;
				COPY_PHASE_STRIP = NO;
				DEBUG_INFORMATION_FORMAT = dwarf;
				ENABLE_STRICT_OBJC_MSGSEND = YES;
				ENABLE_TESTABILITY = YES;
				ENABLE_USER_SCRIPT_SANDBOXING = YES;
				GCC_C_LANGUAGE_STANDARD = gnu17;
				GCC_DYNAMIC_NO_PIC = NO;
				GCC_NO_COMMON_BLOCKS = YES;
				GCC_OPTIMIZATION_LEVEL = 0;
				GCC_PREPROCESSOR_DEFINITIONS = (
					"DEBUG=1",
					"$(inherited)",
				);
				GCC_WARN_64_TO_32_BIT_CONVERSION = YES;
				GCC_WARN_ABOUT_RETURN_TYPE = YES_ERROR;
				GCC_WARN_UNDECLARED_SELECTOR = YES;
				GCC_WARN_UNINITIALIZED_AUTOS = YES_AGGRESSIVE;
				GCC_WARN_UNUSED_FUNCTION = YES;
				GCC_WARN_UNUSED_VARIABLE = YES;
				IPHONEOS_DEPLOYMENT_TARGET = 17.5;
				LOCALIZATION_PREFERS_STRING_CATALOGS = YES;
				MTL_ENABLE_DEBUG_INFO = INCLUDE_SOURCE;
				MTL_FAST_MATH = YES;
				ONLY_ACTIVE_ARCH = YES;
				SDKROOT = iphoneos;
				SWIFT_ACTIVE_COMPILATION_CONDITIONS = "DEBUG $(inherited)";
				SWIFT_OPTIMIZATION_LEVEL = "-Onone";
			};
			name = Debug;
		};
		4A0384E72C2A8857002FA7DE /* Release */ = {
			isa = XCBuildConfiguration;
			buildSettings = {
				ALWAYS_SEARCH_USER_PATHS = NO;
				ASSETCATALOG_COMPILER_GENERATE_SWIFT_ASSET_SYMBOL_EXTENSIONS = YES;
				CLANG_ANALYZER_NONNULL = YES;
				CLANG_ANALYZER_NUMBER_OBJECT_CONVERSION = YES_AGGRESSIVE;
				CLANG_CXX_LANGUAGE_STANDARD = "gnu++20";
				CLANG_ENABLE_MODULES = YES;
				CLANG_ENABLE_OBJC_ARC = YES;
				CLANG_ENABLE_OBJC_WEAK = YES;
				CLANG_WARN_BLOCK_CAPTURE_AUTORELEASING = YES;
				CLANG_WARN_BOOL_CONVERSION = YES;
				CLANG_WARN_COMMA = YES;
				CLANG_WARN_CONSTANT_CONVERSION = YES;
				CLANG_WARN_DEPRECATED_OBJC_IMPLEMENTATIONS = YES;
				CLANG_WARN_DIRECT_OBJC_ISA_USAGE = YES_ERROR;
				CLANG_WARN_DOCUMENTATION_COMMENTS = YES;
				CLANG_WARN_EMPTY_BODY = YES;
				CLANG_WARN_ENUM_CONVERSION = YES;
				CLANG_WARN_INFINITE_RECURSION = YES;
				CLANG_WARN_INT_CONVERSION = YES;
				CLANG_WARN_NON_LITERAL_NULL_CONVERSION = YES;
				CLANG_WARN_OBJC_IMPLICIT_RETAIN_SELF = YES;
				CLANG_WARN_OBJC_LITERAL_CONVERSION = YES;
				CLANG_WARN_OBJC_ROOT_CLASS = YES_ERROR;
				CLANG_WARN_QUOTED_INCLUDE_IN_FRAMEWORK_HEADER = YES;
				CLANG_WARN_RANGE_LOOP_ANALYSIS = YES;
				CLANG_WARN_STRICT_PROTOTYPES = YES;
				CLANG_WARN_SUSPICIOUS_MOVE = YES;
				CLANG_WARN_UNGUARDED_AVAILABILITY = YES_AGGRESSIVE;
				CLANG_WARN_UNREACHABLE_CODE = YES;
				CLANG_WARN__DUPLICATE_METHOD_MATCH = YES;
				COPY_PHASE_STRIP = NO;
				DEBUG_INFORMATION_FORMAT = "dwarf-with-dsym";
				ENABLE_NS_ASSERTIONS = NO;
				ENABLE_STRICT_OBJC_MSGSEND = YES;
				ENABLE_USER_SCRIPT_SANDBOXING = YES;
				GCC_C_LANGUAGE_STANDARD = gnu17;
				GCC_NO_COMMON_BLOCKS = YES;
				GCC_WARN_64_TO_32_BIT_CONVERSION = YES;
				GCC_WARN_ABOUT_RETURN_TYPE = YES_ERROR;
				GCC_WARN_UNDECLARED_SELECTOR = YES;
				GCC_WARN_UNINITIALIZED_AUTOS = YES_AGGRESSIVE;
				GCC_WARN_UNUSED_FUNCTION = YES;
				GCC_WARN_UNUSED_VARIABLE = YES;
				IPHONEOS_DEPLOYMENT_TARGET = 17.5;
				LOCALIZATION_PREFERS_STRING_CATALOGS = YES;
				MTL_ENABLE_DEBUG_INFO = NO;
				MTL_FAST_MATH = YES;
				SDKROOT = iphoneos;
				SWIFT_COMPILATION_MODE = wholemodule;
				VALIDATE_PRODUCT = YES;
			};
			name = Release;
		};
		4A0384E92C2A8857002FA7DE /* Debug */ = {
			isa = XCBuildConfiguration;
			buildSettings = {
				ASSETCATALOG_COMPILER_APPICON_NAME = AppIcon;
				ASSETCATALOG_COMPILER_GLOBAL_ACCENT_COLOR_NAME = AccentColor;
				CODE_SIGN_STYLE = Automatic;
				CURRENT_PROJECT_VERSION = 1;
				DEVELOPMENT_TEAM = PBHADL468Q;
				GENERATE_INFOPLIST_FILE = YES;
				INFOPLIST_FILE = UIkitMovieCenter/Info.plist;
				INFOPLIST_KEY_UIApplicationSupportsIndirectInputEvents = YES;
				INFOPLIST_KEY_UILaunchStoryboardName = LaunchScreen;
				INFOPLIST_KEY_UIMainStoryboardFile = Main;
				INFOPLIST_KEY_UISupportedInterfaceOrientations_iPad = "UIInterfaceOrientationPortrait UIInterfaceOrientationPortraitUpsideDown UIInterfaceOrientationLandscapeLeft UIInterfaceOrientationLandscapeRight";
				INFOPLIST_KEY_UISupportedInterfaceOrientations_iPhone = "UIInterfaceOrientationPortrait UIInterfaceOrientationLandscapeLeft UIInterfaceOrientationLandscapeRight";
				LD_RUNPATH_SEARCH_PATHS = (
					"$(inherited)",
					"@executable_path/Frameworks",
				);
				MARKETING_VERSION = 1.0;
				PRODUCT_BUNDLE_IDENTIFIER = com.rohid.brainstation.UIkitMovieCenter;
				PRODUCT_NAME = "$(TARGET_NAME)";
				SWIFT_EMIT_LOC_STRINGS = YES;
				SWIFT_VERSION = 5.0;
				TARGETED_DEVICE_FAMILY = "1,2";
			};
			name = Debug;
		};
		4A0384EA2C2A8857002FA7DE /* Release */ = {
			isa = XCBuildConfiguration;
			buildSettings = {
				ASSETCATALOG_COMPILER_APPICON_NAME = AppIcon;
				ASSETCATALOG_COMPILER_GLOBAL_ACCENT_COLOR_NAME = AccentColor;
				CODE_SIGN_STYLE = Automatic;
				CURRENT_PROJECT_VERSION = 1;
				DEVELOPMENT_TEAM = PBHADL468Q;
				GENERATE_INFOPLIST_FILE = YES;
				INFOPLIST_FILE = UIkitMovieCenter/Info.plist;
				INFOPLIST_KEY_UIApplicationSupportsIndirectInputEvents = YES;
				INFOPLIST_KEY_UILaunchStoryboardName = LaunchScreen;
				INFOPLIST_KEY_UIMainStoryboardFile = Main;
				INFOPLIST_KEY_UISupportedInterfaceOrientations_iPad = "UIInterfaceOrientationPortrait UIInterfaceOrientationPortraitUpsideDown UIInterfaceOrientationLandscapeLeft UIInterfaceOrientationLandscapeRight";
				INFOPLIST_KEY_UISupportedInterfaceOrientations_iPhone = "UIInterfaceOrientationPortrait UIInterfaceOrientationLandscapeLeft UIInterfaceOrientationLandscapeRight";
				LD_RUNPATH_SEARCH_PATHS = (
					"$(inherited)",
					"@executable_path/Frameworks",
				);
				MARKETING_VERSION = 1.0;
				PRODUCT_BUNDLE_IDENTIFIER = com.rohid.brainstation.UIkitMovieCenter;
				PRODUCT_NAME = "$(TARGET_NAME)";
				SWIFT_EMIT_LOC_STRINGS = YES;
				SWIFT_VERSION = 5.0;
				TARGETED_DEVICE_FAMILY = "1,2";
			};
			name = Release;
		};
/* End XCBuildConfiguration section */

/* Begin XCConfigurationList section */
		4A0384CF2C2A8856002FA7DE /* Build configuration list for PBXProject "UIkitMovieCenter" */ = {
			isa = XCConfigurationList;
			buildConfigurations = (
				4A0384E62C2A8857002FA7DE /* Debug */,
				4A0384E72C2A8857002FA7DE /* Release */,
			);
			defaultConfigurationIsVisible = 0;
			defaultConfigurationName = Release;
		};
		4A0384E82C2A8857002FA7DE /* Build configuration list for PBXNativeTarget "UIkitMovieCenter" */ = {
			isa = XCConfigurationList;
			buildConfigurations = (
				4A0384E92C2A8857002FA7DE /* Debug */,
				4A0384EA2C2A8857002FA7DE /* Release */,
			);
			defaultConfigurationIsVisible = 0;
			defaultConfigurationName = Release;
		};
/* End XCConfigurationList section */

/* Begin XCRemoteSwiftPackageReference section */
		4A8AC3872C2E976E00EE7996 /* XCRemoteSwiftPackageReference "Kingfisher" */ = {
			isa = XCRemoteSwiftPackageReference;
			repositoryURL = "https://github.com/onevcat/Kingfisher.git";
			requirement = {
				kind = upToNextMajorVersion;
				minimumVersion = 7.12.0;
			};
		};
/* End XCRemoteSwiftPackageReference section */

/* Begin XCSwiftPackageProductDependency section */
		4A8AC3882C2E976E00EE7996 /* Kingfisher */ = {
			isa = XCSwiftPackageProductDependency;
			package = 4A8AC3872C2E976E00EE7996 /* XCRemoteSwiftPackageReference "Kingfisher" */;
			productName = Kingfisher;
		};
/* End XCSwiftPackageProductDependency section */
	};
	rootObject = 4A0384CC2C2A8856002FA7DE /* Project object */;
}
